
Microsoft Visual Studio Solution File, Format Version 12.00
# Visual Studio 15
VisualStudioVersion = 15.0.27428.2005
MinimumVisualStudioVersion = 10.0.40219.1
Project("{FAE04EC0-301F-11D3-BF4B-00C04F79EFBC}") = "carbaseapi", "carbaseapi.csproj", "{95AB3FBE-89FD-4052-9629-21CB24C06F8E}"
EndProject
Global
	GlobalSection(SolutionConfigurationPlatforms) = preSolution
		Debug|Any CPU = Debug|Any CPU
		Release|Any CPU = Release|Any CPU
	EndGlobalSection
	GlobalSection(ProjectConfigurationPlatforms) = postSolution
		{95AB3FBE-89FD-4052-9629-21CB24C06F8E}.Debug|Any CPU.ActiveCfg = Debug|Any CPU
		{95AB3FBE-89FD-4052-9629-21CB24C06F8E}.Debug|Any CPU.Build.0 = Debug|Any CPU
		{95AB3FBE-89FD-4052-9629-21CB24C06F8E}.Release|Any CPU.ActiveCfg = Release|Any CPU
		{95AB3FBE-89FD-4052-9629-21CB24C06F8E}.Release|Any CPU.Build.0 = Release|Any CPU
	EndGlobalSection
	GlobalSection(SolutionProperties) = preSolution
		HideSolutionNode = FALSE
	EndGlobalSection
	GlobalSection(ExtensibilityGlobals) = postSolution
		SolutionGuid = {92F8DEA8-D892-45BD-847D-74A0C8443780}
	EndGlobalSection
EndGlobal
